
Microsoft Visual Studio Solution File, Format Version 12.00
# Visual Studio 15
VisualStudioVersion = 15.0.27428.2005
MinimumVisualStudioVersion = 10.0.40219.1
Project("{FAE04EC0-301F-11D3-BF4B-00C04F79EFBC}") = "LogAop", "LogAop\LogAop.csproj", "{3A4F9A48-35F6-487C-87F5-FA84C70C4723}"
EndProject
Project("{FAE04EC0-301F-11D3-BF4B-00C04F79EFBC}") = "AopLog", "AopLog\AopLog.csproj", "{6E4FF044-6BF6-4CF0-805A-75E9DF0BB02B}"
EndProject
Global
	GlobalSection(SolutionConfigurationPlatforms) = preSolution
		Debug|Any CPU = Debug|Any CPU
		Release|Any CPU = Release|Any CPU
	EndGlobalSection
	GlobalSection(ProjectConfigurationPlatforms) = postSolution
		{3A4F9A48-35F6-487C-87F5-FA84C70C4723}.Debug|Any CPU.ActiveCfg = Debug|Any CPU
		{3A4F9A48-35F6-487C-87F5-FA84C70C4723}.Debug|Any CPU.Build.0 = Debug|Any CPU
		{3A4F9A48-35F6-487C-87F5-FA84C70C4723}.Release|Any CPU.ActiveCfg = Release|Any CPU
		{3A4F9A48-35F6-487C-87F5-FA84C70C4723}.Release|Any CPU.Build.0 = Release|Any CPU
		{6E4FF044-6BF6-4CF0-805A-75E9DF0BB02B}.Debug|Any CPU.ActiveCfg = Debug|Any CPU
		{6E4FF044-6BF6-4CF0-805A-75E9DF0BB02B}.Debug|Any CPU.Build.0 = Debug|Any CPU
		{6E4FF044-6BF6-4CF0-805A-75E9DF0BB02B}.Release|Any CPU.ActiveCfg = Release|Any CPU
		{6E4FF044-6BF6-4CF0-805A-75E9DF0BB02B}.Release|Any CPU.Build.0 = Release|Any CPU
	EndGlobalSection
	GlobalSection(SolutionProperties) = preSolution
		HideSolutionNode = FALSE
	EndGlobalSection
	GlobalSection(ExtensibilityGlobals) = postSolution
		SolutionGuid = {7A79F80C-85F4-4009-91A4-CE2F8073C7CF}
	EndGlobalSection
EndGlobal
